
Microsoft Visual Studio Solution File, Format Version 12.00
# Visual Studio Version 17
VisualStudioVersion = 17.13.35825.156 d17.13
MinimumVisualStudioVersion = 10.0.40219.1
Project("{FAE04EC0-301F-11D3-BF4B-00C04F79EFBC}") = "WebAPI", "WebAPI\WebAPI.csproj", "{78A62A00-8C3A-46B2-8799-A310F6360140}"
EndProject
Global
	GlobalSection(SolutionConfigurationPlatforms) = preSolution
		Debug|Any CPU = Debug|Any CPU
		Release|Any CPU = Release|Any CPU
	EndGlobalSection
	GlobalSection(ProjectConfigurationPlatforms) = postSolution
		{78A62A00-8C3A-46B2-8799-A310F6360140}.Debug|Any CPU.ActiveCfg = Debug|Any CPU
		{78A62A00-8C3A-46B2-8799-A310F6360140}.Debug|Any CPU.Build.0 = Debug|Any CPU
		{78A62A00-8C3A-46B2-8799-A310F6360140}.Release|Any CPU.ActiveCfg = Release|Any CPU
		{78A62A00-8C3A-46B2-8799-A310F6360140}.Release|Any CPU.Build.0 = Release|Any CPU
	EndGlobalSection
	GlobalSection(SolutionProperties) = preSolution
		HideSolutionNode = FALSE
	EndGlobalSection
	GlobalSection(ExtensibilityGlobals) = postSolution
		SolutionGuid = {6D2D0AD0-9F3C-4E6B-94F0-7C817C5E538B}
	EndGlobalSection
EndGlobal
